// !$*UTF8*$!
{
	archiveVersion = 1;
	classes = {
	};
	objectVersion = 50;
	objects = {

/* Begin PBXBuildFile section */
		02D913FC213CF87D00D146DE /* AppDelegate.swift in Sources */ = {isa = PBXBuildFile; fileRef = 02D913FB213CF87D00D146DE /* AppDelegate.swift */; };
		02D913FE213CF87D00D146DE /* ViewController.swift in Sources */ = {isa = PBXBuildFile; fileRef = 02D913FD213CF87D00D146DE /* ViewController.swift */; };
		02D91401213CF87D00D146DE /* Main.storyboard in Resources */ = {isa = PBXBuildFile; fileRef = 02D913FF213CF87D00D146DE /* Main.storyboard */; };
		02D91403213CF88000D146DE /* Assets.xcassets in Resources */ = {isa = PBXBuildFile; fileRef = 02D91402213CF88000D146DE /* Assets.xcassets */; };
		02D91406213CF88000D146DE /* LaunchScreen.storyboard in Resources */ = {isa = PBXBuildFile; fileRef = 02D91404213CF88000D146DE /* LaunchScreen.storyboard */; };
		02D9140F213CFE6D00D146DE /* SHSelectionIcon.swift in Sources */ = {isa = PBXBuildFile; fileRef = 02D9140E213CFE6D00D146DE /* SHSelectionIcon.swift */; };
/* End PBXBuildFile section */

/* Begin PBXFileReference section */
		02D913F8213CF87D00D146DE /* SHSelectionSample.app */ = {isa = PBXFileReference; explicitFileType = wrapper.application; includeInIndex = 0; path = SHSelectionSample.app; sourceTree = BUILT_PRODUCTS_DIR; };
		02D913FB213CF87D00D146DE /* AppDelegate.swift */ = {isa = PBXFileReference; lastKnownFileType = sourcecode.swift; path = AppDelegate.swift; sourceTree = "<group>"; };
		02D913FD213CF87D00D146DE /* ViewController.swift */ = {isa = PBXFileReference; lastKnownFileType = sourcecode.swift; path = ViewController.swift; sourceTree = "<group>"; };
		02D91400213CF87D00D146DE /* Base */ = {isa = PBXFileReference; lastKnownFileType = file.storyboard; name = Base; path = Base.lproj/Main.storyboard; sourceTree = "<group>"; };
		02D91402213CF88000D146DE /* Assets.xcassets */ = {isa = PBXFileReference; lastKnownFileType = folder.assetcatalog; path = Assets.xcassets; sourceTree = "<group>"; };
		02D91405213CF88000D146DE /* Base */ = {isa = PBXFileReference; lastKnownFileType = file.storyboard; name = Base; path = Base.lproj/LaunchScreen.storyboard; sourceTree = "<group>"; };
		02D91407213CF88000D146DE /* Info.plist */ = {isa = PBXFileReference; lastKnownFileType = text.plist.xml; path = Info.plist; sourceTree = "<group>"; };
		02D9140E213CFE6D00D146DE /* SHSelectionIcon.swift */ = {isa = PBXFileReference; fileEncoding = 4; lastKnownFileType = sourcecode.swift; path = SHSelectionIcon.swift; sourceTree = "<group>"; };
/* End PBXFileReference section */

/* Begin PBXFrameworksBuildPhase section */
		02D913F5213CF87D00D146DE /* Frameworks */ = {
			isa = PBXFrameworksBuildPhase;
			buildActionMask = 2147483647;
			files = (
			);
			runOnlyForDeploymentPostprocessing = 0;
		};
/* End PBXFrameworksBuildPhase section */

/* Begin PBXGroup section */
		02D913EF213CF87D00D146DE = {
			isa = PBXGroup;
			children = (
				02D913FA213CF87D00D146DE /* SHSelectionSample */,
				02D913F9213CF87D00D146DE /* Products */,
			);
			sourceTree = "<group>";
		};
		02D913F9213CF87D00D146DE /* Products */ = {
			isa = PBXGroup;
			children = (
				02D913F8213CF87D00D146DE /* SHSelectionSample.app */,
			);
			name = Products;
			sourceTree = "<group>";
		};
		02D913FA213CF87D00D146DE /* SHSelectionSample */ = {
			isa = PBXGroup;
			children = (
				02D9140D213CFE5600D146DE /* SHSelectionIndicator */,
				02D913FB213CF87D00D146DE /* AppDelegate.swift */,
				02D913FD213CF87D00D146DE /* ViewController.swift */,
				02D913FF213CF87D00D146DE /* Main.storyboard */,
				02D91402213CF88000D146DE /* Assets.xcassets */,
				02D91404213CF88000D146DE /* LaunchScreen.storyboard */,
				02D91407213CF88000D146DE /* Info.plist */,
			);
			path = SHSelectionSample;
			sourceTree = "<group>";
		};
		02D9140D213CFE5600D146DE /* SHSelectionIndicator */ = {
			isa = PBXGroup;
			children = (
				02D9140E213CFE6D00D146DE /* SHSelectionIcon.swift */,
			);
			path = SHSelectionIndicator;
			sourceTree = "<group>";
		};
/* End PBXGroup section */

/* Begin PBXNativeTarget section */
		02D913F7213CF87D00D146DE /* SHSelectionSample */ = {
			isa = PBXNativeTarget;
			buildConfigurationList = 02D9140A213CF88000D146DE /* Build configuration list for PBXNativeTarget "SHSelectionSample" */;
			buildPhases = (
				02D913F4213CF87D00D146DE /* Sources */,
				02D913F5213CF87D00D146DE /* Frameworks */,
				02D913F6213CF87D00D146DE /* Resources */,
			);
			buildRules = (
			);
			dependencies = (
			);
			name = SHSelectionSample;
			productName = SHSelectionSample;
			productReference = 02D913F8213CF87D00D146DE /* SHSelectionSample.app */;
			productType = "com.apple.product-type.application";
		};
/* End PBXNativeTarget section */

/* Begin PBXProject section */
		02D913F0213CF87D00D146DE /* Project object */ = {
			isa = PBXProject;
			attributes = {
				LastSwiftUpdateCheck = 0940;
				LastUpgradeCheck = 0940;
				ORGANIZATIONNAME = SH;
				TargetAttributes = {
					02D913F7213CF87D00D146DE = {
						CreatedOnToolsVersion = 9.4.1;
					};
				};
			};
			buildConfigurationList = 02D913F3213CF87D00D146DE /* Build configuration list for PBXProject "SHSelectionSample" */;
			compatibilityVersion = "Xcode 9.3";
			developmentRegion = en;
			hasScannedForEncodings = 0;
			knownRegions = (
				en,
				Base,
			);
			mainGroup = 02D913EF213CF87D00D146DE;
			productRefGroup = 02D913F9213CF87D00D146DE /* Products */;
			projectDirPath = "";
			projectRoot = "";
			targets = (
				02D913F7213CF87D00D146DE /* SHSelectionSample */,
			);
		};
/* End PBXProject section */

/* Begin PBXResourcesBuildPhase section */
		02D913F6213CF87D00D146DE /* Resources */ = {
			isa = PBXResourcesBuildPhase;
			buildActionMask = 2147483647;
			files = (
				02D91406213CF88000D146DE /* LaunchScreen.storyboard in Resources */,
				02D91403213CF88000D146DE /* Assets.xcassets in Resources */,
				02D91401213CF87D00D146DE /* Main.storyboard in Resources */,
			);
			runOnlyForDeploymentPostprocessing = 0;
		};
/* End PBXResourcesBuildPhase section */

/* Begin PBXSourcesBuildPhase section */
		02D913F4213CF87D00D146DE /* Sources */ = {
			isa = PBXSourcesBuildPhase;
			buildActionMask = 2147483647;
			files = (
				02D9140F213CFE6D00D146DE /* SHSelectionIcon.swift in Sources */,
				02D913FE213CF87D00D146DE /* ViewController.swift in Sources */,
				02D913FC213CF87D00D146DE /* AppDelegate.swift in Sources */,
			);
			runOnlyForDeploymentPostprocessing = 0;
		};
/* End PBXSourcesBuildPhase section */

/* Begin PBXVariantGroup section */
		02D913FF213CF87D00D146DE /* Main.storyboard */ = {
			isa = PBXVariantGroup;
			children = (
				02D91400213CF87D00D146DE /* Base */,
			);
			name = Main.storyboard;
			sourceTree = "<group>";
		};
		02D91404213CF88000D146DE /* LaunchScreen.storyboard */ = {
			isa = PBXVariantGroup;
			children = (
				02D91405213CF88000D146DE /* Base */,
			);
			name = LaunchScreen.storyboard;
			sourceTree = "<group>";
		};
/* End PBXVariantGroup section */

/* Begin XCBuildConfiguration section */
		02D91408213CF88000D146DE /* Debug */ = {
			isa = XCBuildConfiguration;
			buildSettings = {
				ALWAYS_SEARCH_USER_PATHS = NO;
				CLANG_ANALYZER_NONNULL = YES;
				CLANG_ANALYZER_NUMBER_OBJECT_CONVERSION = YES_AGGRESSIVE;
				CLANG_CXX_LANGUAGE_STANDARD = "gnu++14";
				CLANG_CXX_LIBRARY = "libc++";
				CLANG_ENABLE_MODULES = YES;
				CLANG_ENABLE_OBJC_ARC = YES;
				CLANG_ENABLE_OBJC_WEAK = YES;
				CLANG_WARN_BLOCK_CAPTURE_AUTORELEASING = YES;
				CLANG_WARN_BOOL_CONVERSION = YES;
				CLANG_WARN_COMMA = YES;
				CLANG_WARN_CONSTANT_CONVERSION = YES;
				CLANG_WARN_DEPRECATED_OBJC_IMPLEMENTATIONS = YES;
				CLANG_WARN_DIRECT_OBJC_ISA_USAGE = YES_ERROR;
				CLANG_WARN_DOCUMENTATION_COMMENTS = YES;
				CLANG_WARN_EMPTY_BODY = YES;
				CLANG_WARN_ENUM_CONVERSION = YES;
				CLANG_WARN_INFINITE_RECURSION = YES;
				CLANG_WARN_INT_CONVERSION = YES;
				CLANG_WARN_NON_LITERAL_NULL_CONVERSION = YES;
				CLANG_WARN_OBJC_IMPLICIT_RETAIN_SELF = YES;
				CLANG_WARN_OBJC_LITERAL_CONVERSION = YES;
				CLANG_WARN_OBJC_ROOT_CLASS = YES_ERROR;
				CLANG_WARN_RANGE_LOOP_ANALYSIS = YES;
				CLANG_WARN_STRICT_PROTOTYPES = YES;
				CLANG_WARN_SUSPICIOUS_MOVE = YES;
				CLANG_WARN_UNGUARDED_AVAILABILITY = YES_AGGRESSIVE;
				CLANG_WARN_UNREACHABLE_CODE = YES;
				CLANG_WARN__DUPLICATE_METHOD_MATCH = YES;
				CODE_SIGN_IDENTITY = "iPhone Developer";
				COPY_PHASE_STRIP = NO;
				DEBUG_INFORMATION_FORMAT = dwarf;
				ENABLE_STRICT_OBJC_MSGSEND = YES;
				ENABLE_TESTABILITY = YES;
				GCC_C_LANGUAGE_STANDARD = gnu11;
				GCC_DYNAMIC_NO_PIC = NO;
				GCC_NO_COMMON_BLOCKS = YES;
				GCC_OPTIMIZATION_LEVEL = 0;
				GCC_PREPROCESSOR_DEFINITIONS = (
					"DEBUG=1",
					"$(inherited)",
				);
				GCC_WARN_64_TO_32_BIT_CONVERSION = YES;
				GCC_WARN_ABOUT_RETURN_TYPE = YES_ERROR;
				GCC_WARN_UNDECLARED_SELECTOR = YES;
				GCC_WARN_UNINITIALIZED_AUTOS = YES_AGGRESSIVE;
				GCC_WARN_UNUSED_FUNCTION = YES;
				GCC_WARN_UNUSED_VARIABLE = YES;
				IPHONEOS_DEPLOYMENT_TARGET = 11.4;
				MTL_ENABLE_DEBUG_INFO = YES;
				ONLY_ACTIVE_ARCH = YES;
				SDKROOT = iphoneos;
				SWIFT_ACTIVE_COMPILATION_CONDITIONS = DEBUG;
				SWIFT_OPTIMIZATION_LEVEL = "-Onone";
			};
			name = Debug;
		};
		02D91409213CF88000D146DE /* Release */ = {
			isa = XCBuildConfiguration;
			buildSettings = {
				ALWAYS_SEARCH_USER_PATHS = NO;
				CLANG_ANALYZER_NONNULL = YES;
				CLANG_ANALYZER_NUMBER_OBJECT_CONVERSION = YES_AGGRESSIVE;
				CLANG_CXX_LANGUAGE_STANDARD = "gnu++14";
				CLANG_CXX_LIBRARY = "libc++";
				CLANG_ENABLE_MODULES = YES;
				CLANG_ENABLE_OBJC_ARC = YES;
				CLANG_ENABLE_OBJC_WEAK = YES;
				CLANG_WARN_BLOCK_CAPTURE_AUTORELEASING = YES;
				CLANG_WARN_BOOL_CONVERSION = YES;
				CLANG_WARN_COMMA = YES;
				CLANG_WARN_CONSTANT_CONVERSION = YES;
				CLANG_WARN_DEPRECATED_OBJC_IMPLEMENTATIONS = YES;
				CLANG_WARN_DIRECT_OBJC_ISA_USAGE = YES_ERROR;
				CLANG_WARN_DOCUMENTATION_COMMENTS = YES;
				CLANG_WARN_EMPTY_BODY = YES;
				CLANG_WARN_ENUM_CONVERSION = YES;
				CLANG_WARN_INFINITE_RECURSION = YES;
				CLANG_WARN_INT_CONVERSION = YES;
				CLANG_WARN_NON_LITERAL_NULL_CONVERSION = YES;
				CLANG_WARN_OBJC_IMPLICIT_RETAIN_SELF = YES;
				CLANG_WARN_OBJC_LITERAL_CONVERSION = YES;
				CLANG_WARN_OBJC_ROOT_CLASS = YES_ERROR;
				CLANG_WARN_RANGE_LOOP_ANALYSIS = YES;
				CLANG_WARN_STRICT_PROTOTYPES = YES;
				CLANG_WARN_SUSPICIOUS_MOVE = YES;
				CLANG_WARN_UNGUARDED_AVAILABILITY = YES_AGGRESSIVE;
				CLANG_WARN_UNREACHABLE_CODE = YES;
				CLANG_WARN__DUPLICATE_METHOD_MATCH = YES;
				CODE_SIGN_IDENTITY = "iPhone Developer";
				COPY_PHASE_STRIP = NO;
				DEBUG_INFORMATION_FORMAT = "dwarf-with-dsym";
				ENABLE_NS_ASSERTIONS = NO;
				ENABLE_STRICT_OBJC_MSGSEND = YES;
				GCC_C_LANGUAGE_STANDARD = gnu11;
				GCC_NO_COMMON_BLOCKS = YES;
				GCC_WARN_64_TO_32_BIT_CONVERSION = YES;
				GCC_WARN_ABOUT_RETURN_TYPE = YES_ERROR;
				GCC_WARN_UNDECLARED_SELECTOR = YES;
				GCC_WARN_UNINITIALIZED_AUTOS = YES_AGGRESSIVE;
				GCC_WARN_UNUSED_FUNCTION = YES;
				GCC_WARN_UNUSED_VARIABLE = YES;
				IPHONEOS_DEPLOYMENT_TARGET = 11.4;
				MTL_ENABLE_DEBUG_INFO = NO;
				SDKROOT = iphoneos;
				SWIFT_COMPILATION_MODE = wholemodule;
				SWIFT_OPTIMIZATION_LEVEL = "-O";
				VALIDATE_PRODUCT = YES;
			};
			name = Release;
		};
		02D9140B213CF88000D146DE /* Debug */ = {
			isa = XCBuildConfiguration;
			buildSettings = {
				ASSETCATALOG_COMPILER_APPICON_NAME = AppIcon;
				CODE_SIGN_STYLE = Automatic;
				INFOPLIST_FILE = SHSelectionSample/Info.plist;
				LD_RUNPATH_SEARCH_PATHS = (
					"$(inherited)",
					"@executable_path/Frameworks",
				);
				PRODUCT_BUNDLE_IDENTIFIER = com.SH.SHSelectionSample;
				PRODUCT_NAME = "$(TARGET_NAME)";
				SWIFT_VERSION = 4.0;
				TARGETED_DEVICE_FAMILY = "1,2";
			};
			name = Debug;
		};
		02D9140C213CF88000D146DE /* Release */ = {
			isa = XCBuildConfiguration;
			buildSettings = {
				ASSETCATALOG_COMPILER_APPICON_NAME = AppIcon;
				CODE_SIGN_STYLE = Automatic;
				INFOPLIST_FILE = SHSelectionSample/Info.plist;
				LD_RUNPATH_SEARCH_PATHS = (
					"$(inherited)",
					"@executable_path/Frameworks",
				);
				PRODUCT_BUNDLE_IDENTIFIER = com.SH.SHSelectionSample;
				PRODUCT_NAME = "$(TARGET_NAME)";
				SWIFT_VERSION = 4.0;
				TARGETED_DEVICE_FAMILY = "1,2";
			};
			name = Release;
		};
/* End XCBuildConfiguration section */

/* Begin XCConfigurationList section */
		02D913F3213CF87D00D146DE /* Build configuration list for PBXProject "SHSelectionSample" */ = {
			isa = XCConfigurationList;
			buildConfigurations = (
				02D91408213CF88000D146DE /* Debug */,
				02D91409213CF88000D146DE /* Release */,
			);
			defaultConfigurationIsVisible = 0;
			defaultConfigurationName = Release;
		};
		02D9140A213CF88000D146DE /* Build configuration list for PBXNativeTarget "SHSelectionSample" */ = {
			isa = XCConfigurationList;
			buildConfigurations = (
				02D9140B213CF88000D146DE /* Debug */,
				02D9140C213CF88000D146DE /* Release */,
			);
			defaultConfigurationIsVisible = 0;
			defaultConfigurationName = Release;
		};
/* End XCConfigurationList section */
	};
	rootObject = 02D913F0213CF87D00D146DE /* Project object */;
}
